
Microsoft Visual Studio Solution File, Format Version 12.00
# Visual Studio Version 17
VisualStudioVersion = 17.4.33213.308
MinimumVisualStudioVersion = 10.0.40219.1
Project("{2150E333-8FDC-42A3-9474-1A3956D46DE8}") = "Services", "Services", "{FC6FAD3F-F1C9-4748-9B0E-F7D1FA41D9AB}"
EndProject
Project("{2150E333-8FDC-42A3-9474-1A3956D46DE8}") = "Catalog", "Catalog", "{D0A58F75-0229-40DD-9556-15BCA1AB30C4}"
EndProject
Project("{9A19103F-16F7-4668-BE54-9A1E7A4F7556}") = "Catalog.API", "Services\Catalog\Catalog.API\Catalog.API.csproj", "{0DC4FC96-574A-42C5-9B93-6EEB6A369D85}"
EndProject
Project("{E53339B2-1760-4266-BCC7-CA923CBCF16C}") = "docker-compose", "docker-compose.dcproj", "{1D3B5151-D8B2-4BAF-9971-D33E65619638}"
EndProject
Project("{2150E333-8FDC-42A3-9474-1A3956D46DE8}") = "Basket", "Basket", "{98E97A60-14C7-41E3-BDC7-5052E12773EA}"
EndProject
Project("{9A19103F-16F7-4668-BE54-9A1E7A4F7556}") = "Basket.API", "Services\Basket\Basket.API\Basket.API.csproj", "{FCA24347-6BDA-4550-9CEE-363ADBB5AA89}"
EndProject
Project("{2150E333-8FDC-42A3-9474-1A3956D46DE8}") = "Discount", "Discount", "{153D10D1-9C46-4E01-B19A-5321D97E3E92}"
EndProject
Project("{9A19103F-16F7-4668-BE54-9A1E7A4F7556}") = "Discount.API", "Services\Discount\Discount.API\Discount.API.csproj", "{14675400-281B-40C6-AE0F-A861FE76E51A}"
EndProject
Project("{9A19103F-16F7-4668-BE54-9A1E7A4F7556}") = "Discount.Grpc", "Services\Discount\Discount.Grpc\Discount.Grpc.csproj", "{B7C7EB93-0068-4A6A-A87D-0A19FCC82BA2}"
EndProject
Project("{2150E333-8FDC-42A3-9474-1A3956D46DE8}") = "Ordering", "Ordering", "{7751DA83-FD7B-416C-B4D7-2B79CCA3E7BE}"
EndProject
Project("{9A19103F-16F7-4668-BE54-9A1E7A4F7556}") = "Ordering.API", "Services\Ordering\Ordering.API\Ordering.API.csproj", "{FBD91B10-45F9-4048-AF1A-2F2ABD842C60}"
EndProject
Project("{9A19103F-16F7-4668-BE54-9A1E7A4F7556}") = "Ordering.Domain", "Services\Ordering\Ordering.Domain\Ordering.Domain.csproj", "{94B99520-CA9F-446F-BCB3-9BF8D63078C2}"
EndProject
Project("{9A19103F-16F7-4668-BE54-9A1E7A4F7556}") = "Ordering.Application", "Services\Ordering\Ordering.Application\Ordering.Application.csproj", "{AE64A729-94B8-4FB7-A2BE-F32D147F5F03}"
EndProject
Project("{9A19103F-16F7-4668-BE54-9A1E7A4F7556}") = "Ordering.Infrastructure", "Services\Ordering\Ordering.Infrastructure\Ordering.Infrastructure.csproj", "{0E98FE8B-DDA9-4F87-AF61-FE73D6C693A7}"
EndProject
Project("{2150E333-8FDC-42A3-9474-1A3956D46DE8}") = "MessageBroker", "MessageBroker", "{6C12AAC0-E46D-472E-9A54-CEC8F4E5D002}"
EndProject
Project("{9A19103F-16F7-4668-BE54-9A1E7A4F7556}") = "EventBus.Messages", "MessageBroker\EventBus.Messages\EventBus.Messages.csproj", "{BD6C32C9-734D-4900-B461-82BDA886BD34}"
EndProject
Project("{2150E333-8FDC-42A3-9474-1A3956D46DE8}") = "Gateway", "Gateway", "{2E8C141D-501E-400B-BB58-EEFE3BC293C3}"
EndProject
Project("{FAE04EC0-301F-11D3-BF4B-00C04F79EFBC}") = "OcelotApiGateway", "Gateway\OcelotApiGateway\OcelotApiGateway.csproj", "{BCF08F97-4823-4571-8003-F203A2BC6984}"
EndProject
Project("{FAE04EC0-301F-11D3-BF4B-00C04F79EFBC}") = "OcelotApiGateway.Aggregator", "Gateway\OcelotApiGateway.Aggregator\OcelotApiGateway.Aggregator.csproj", "{50B9DA39-C25C-4ED0-8320-567F307B256C}"
EndProject
Global
	GlobalSection(SolutionConfigurationPlatforms) = preSolution
		Debug|Any CPU = Debug|Any CPU
		Release|Any CPU = Release|Any CPU
	EndGlobalSection
	GlobalSection(ProjectConfigurationPlatforms) = postSolution
		{0DC4FC96-574A-42C5-9B93-6EEB6A369D85}.Debug|Any CPU.ActiveCfg = Debug|Any CPU
		{0DC4FC96-574A-42C5-9B93-6EEB6A369D85}.Debug|Any CPU.Build.0 = Debug|Any CPU
		{0DC4FC96-574A-42C5-9B93-6EEB6A369D85}.Release|Any CPU.ActiveCfg = Release|Any CPU
		{0DC4FC96-574A-42C5-9B93-6EEB6A369D85}.Release|Any CPU.Build.0 = Release|Any CPU
		{1D3B5151-D8B2-4BAF-9971-D33E65619638}.Debug|Any CPU.ActiveCfg = Debug|Any CPU
		{1D3B5151-D8B2-4BAF-9971-D33E65619638}.Debug|Any CPU.Build.0 = Debug|Any CPU
		{1D3B5151-D8B2-4BAF-9971-D33E65619638}.Release|Any CPU.ActiveCfg = Release|Any CPU
		{1D3B5151-D8B2-4BAF-9971-D33E65619638}.Release|Any CPU.Build.0 = Release|Any CPU
		{FCA24347-6BDA-4550-9CEE-363ADBB5AA89}.Debug|Any CPU.ActiveCfg = Debug|Any CPU
		{FCA24347-6BDA-4550-9CEE-363ADBB5AA89}.Debug|Any CPU.Build.0 = Debug|Any CPU
		{FCA24347-6BDA-4550-9CEE-363ADBB5AA89}.Release|Any CPU.ActiveCfg = Release|Any CPU
		{FCA24347-6BDA-4550-9CEE-363ADBB5AA89}.Release|Any CPU.Build.0 = Release|Any CPU
		{14675400-281B-40C6-AE0F-A861FE76E51A}.Debug|Any CPU.ActiveCfg = Debug|Any CPU
		{14675400-281B-40C6-AE0F-A861FE76E51A}.Debug|Any CPU.Build.0 = Debug|Any CPU
		{14675400-281B-40C6-AE0F-A861FE76E51A}.Release|Any CPU.ActiveCfg = Release|Any CPU
		{14675400-281B-40C6-AE0F-A861FE76E51A}.Release|Any CPU.Build.0 = Release|Any CPU
		{B7C7EB93-0068-4A6A-A87D-0A19FCC82BA2}.Debug|Any CPU.ActiveCfg = Debug|Any CPU
		{B7C7EB93-0068-4A6A-A87D-0A19FCC82BA2}.Debug|Any CPU.Build.0 = Debug|Any CPU
		{B7C7EB93-0068-4A6A-A87D-0A19FCC82BA2}.Release|Any CPU.ActiveCfg = Release|Any CPU
		{B7C7EB93-0068-4A6A-A87D-0A19FCC82BA2}.Release|Any CPU.Build.0 = Release|Any CPU
		{FBD91B10-45F9-4048-AF1A-2F2ABD842C60}.Debug|Any CPU.ActiveCfg = Debug|Any CPU
		{FBD91B10-45F9-4048-AF1A-2F2ABD842C60}.Debug|Any CPU.Build.0 = Debug|Any CPU
		{FBD91B10-45F9-4048-AF1A-2F2ABD842C60}.Release|Any CPU.ActiveCfg = Release|Any CPU
		{FBD91B10-45F9-4048-AF1A-2F2ABD842C60}.Release|Any CPU.Build.0 = Release|Any CPU
		{94B99520-CA9F-446F-BCB3-9BF8D63078C2}.Debug|Any CPU.ActiveCfg = Debug|Any CPU
		{94B99520-CA9F-446F-BCB3-9BF8D63078C2}.Debug|Any CPU.Build.0 = Debug|Any CPU
		{94B99520-CA9F-446F-BCB3-9BF8D63078C2}.Release|Any CPU.ActiveCfg = Release|Any CPU
		{94B99520-CA9F-446F-BCB3-9BF8D63078C2}.Release|Any CPU.Build.0 = Release|Any CPU
		{AE64A729-94B8-4FB7-A2BE-F32D147F5F03}.Debug|Any CPU.ActiveCfg = Debug|Any CPU
		{AE64A729-94B8-4FB7-A2BE-F32D147F5F03}.Debug|Any CPU.Build.0 = Debug|Any CPU
		{AE64A729-94B8-4FB7-A2BE-F32D147F5F03}.Release|Any CPU.ActiveCfg = Release|Any CPU
		{AE64A729-94B8-4FB7-A2BE-F32D147F5F03}.Release|Any CPU.Build.0 = Release|Any CPU
		{0E98FE8B-DDA9-4F87-AF61-FE73D6C693A7}.Debug|Any CPU.ActiveCfg = Debug|Any CPU
		{0E98FE8B-DDA9-4F87-AF61-FE73D6C693A7}.Debug|Any CPU.Build.0 = Debug|Any CPU
		{0E98FE8B-DDA9-4F87-AF61-FE73D6C693A7}.Release|Any CPU.ActiveCfg = Release|Any CPU
		{0E98FE8B-DDA9-4F87-AF61-FE73D6C693A7}.Release|Any CPU.Build.0 = Release|Any CPU
		{BD6C32C9-734D-4900-B461-82BDA886BD34}.Debug|Any CPU.ActiveCfg = Debug|Any CPU
		{BD6C32C9-734D-4900-B461-82BDA886BD34}.Debug|Any CPU.Build.0 = Debug|Any CPU
		{BD6C32C9-734D-4900-B461-82BDA886BD34}.Release|Any CPU.ActiveCfg = Release|Any CPU
		{BD6C32C9-734D-4900-B461-82BDA886BD34}.Release|Any CPU.Build.0 = Release|Any CPU
		{BCF08F97-4823-4571-8003-F203A2BC6984}.Debug|Any CPU.ActiveCfg = Debug|Any CPU
		{BCF08F97-4823-4571-8003-F203A2BC6984}.Debug|Any CPU.Build.0 = Debug|Any CPU
		{BCF08F97-4823-4571-8003-F203A2BC6984}.Release|Any CPU.ActiveCfg = Release|Any CPU
		{BCF08F97-4823-4571-8003-F203A2BC6984}.Release|Any CPU.Build.0 = Release|Any CPU
		{50B9DA39-C25C-4ED0-8320-567F307B256C}.Debug|Any CPU.ActiveCfg = Debug|Any CPU
		{50B9DA39-C25C-4ED0-8320-567F307B256C}.Debug|Any CPU.Build.0 = Debug|Any CPU
		{50B9DA39-C25C-4ED0-8320-567F307B256C}.Release|Any CPU.ActiveCfg = Release|Any CPU
		{50B9DA39-C25C-4ED0-8320-567F307B256C}.Release|Any CPU.Build.0 = Release|Any CPU
	EndGlobalSection
	GlobalSection(SolutionProperties) = preSolution
		HideSolutionNode = FALSE
	EndGlobalSection
	GlobalSection(NestedProjects) = preSolution
		{D0A58F75-0229-40DD-9556-15BCA1AB30C4} = {FC6FAD3F-F1C9-4748-9B0E-F7D1FA41D9AB}
		{0DC4FC96-574A-42C5-9B93-6EEB6A369D85} = {D0A58F75-0229-40DD-9556-15BCA1AB30C4}
		{98E97A60-14C7-41E3-BDC7-5052E12773EA} = {FC6FAD3F-F1C9-4748-9B0E-F7D1FA41D9AB}
		{FCA24347-6BDA-4550-9CEE-363ADBB5AA89} = {98E97A60-14C7-41E3-BDC7-5052E12773EA}
		{153D10D1-9C46-4E01-B19A-5321D97E3E92} = {FC6FAD3F-F1C9-4748-9B0E-F7D1FA41D9AB}
		{14675400-281B-40C6-AE0F-A861FE76E51A} = {153D10D1-9C46-4E01-B19A-5321D97E3E92}
		{B7C7EB93-0068-4A6A-A87D-0A19FCC82BA2} = {153D10D1-9C46-4E01-B19A-5321D97E3E92}
		{7751DA83-FD7B-416C-B4D7-2B79CCA3E7BE} = {FC6FAD3F-F1C9-4748-9B0E-F7D1FA41D9AB}
		{FBD91B10-45F9-4048-AF1A-2F2ABD842C60} = {7751DA83-FD7B-416C-B4D7-2B79CCA3E7BE}
		{94B99520-CA9F-446F-BCB3-9BF8D63078C2} = {7751DA83-FD7B-416C-B4D7-2B79CCA3E7BE}
		{AE64A729-94B8-4FB7-A2BE-F32D147F5F03} = {7751DA83-FD7B-416C-B4D7-2B79CCA3E7BE}
		{0E98FE8B-DDA9-4F87-AF61-FE73D6C693A7} = {7751DA83-FD7B-416C-B4D7-2B79CCA3E7BE}
		{BD6C32C9-734D-4900-B461-82BDA886BD34} = {6C12AAC0-E46D-472E-9A54-CEC8F4E5D002}
		{BCF08F97-4823-4571-8003-F203A2BC6984} = {2E8C141D-501E-400B-BB58-EEFE3BC293C3}
		{50B9DA39-C25C-4ED0-8320-567F307B256C} = {2E8C141D-501E-400B-BB58-EEFE3BC293C3}
	EndGlobalSection
	GlobalSection(ExtensibilityGlobals) = postSolution
		SolutionGuid = {B542E3E3-E6B3-4650-BAD8-42E80131F872}
	EndGlobalSection
EndGlobal
